github.com/dustin/go-humanize v1.0.0 h1:VSnTsYCnlFHaM2/igO1h6X3HA71jcobQuxemgkq4zYo=
github.com/dustin/go-humanize v1.0.0/go.mod h1:HtrtbFcZ19U5GC7JDqmcUSB87Iq5E25KnS6fMYU6eOk=
github.com/gocarina/gocsv v0.0.0-20200330101823-46266ca37bd3 h1:B7k6N+JlLM/u1xrIkpifUfE7GRJsZIYHoHbiAa5cSP4=
github.com/gocarina/gocsv v0.0.0-20200330101823-46266ca37bd3/go.mod h1:5YoVOkjYAQumqlV356Hj3xeYh4BdZuLE0/nRkf2NKkI=
github.com/jordan-wright/email v0.0.0-20200602115436-fd8a7622303e h1:OGunVjqY7y4U4laftpEHv+mvZBlr7UGimJXKEGQtg48=
github.com/jordan-wright/email v0.0.0-20200602115436-fd8a7622303e/go.mod h1:Fy2gCFfZhay8jplf/Csj6cyH/oshQTkLQYZbKkcV+SY=
github.com/shopspring/decimal v1.2.0 h1:abSATXmQEYyShuxI4/vyW3tV1MrKAJzCZ/0zLUXYbsQ=
github.com/shopspring/decimal v1.2.0/go.mod h1:DKyhrW/HYNuLGql+MJL6WCR6knT2jwCFRcu2hWCYk4o=
